
Microsoft Visual Studio Solution File, Format Version 12.00
# Visual Studio Version 17
VisualStudioVersion = 17.4.33205.214
MinimumVisualStudioVersion = 10.0.40219.1
Project("{FAE04EC0-301F-11D3-BF4B-00C04F79EFBC}") = "Yemekify", "Yemekify\Yemekify.csproj", "{A066EFF1-6034-414C-A44E-89EC06A9E0AB}"
EndProject
Global
	GlobalSection(SolutionConfigurationPlatforms) = preSolution
		Debug|Any CPU = Debug|Any CPU
		Release|Any CPU = Release|Any CPU
	EndGlobalSection
	GlobalSection(ProjectConfigurationPlatforms) = postSolution
		{A066EFF1-6034-414C-A44E-89EC06A9E0AB}.Debug|Any CPU.ActiveCfg = Debug|Any CPU
		{A066EFF1-6034-414C-A44E-89EC06A9E0AB}.Debug|Any CPU.Build.0 = Debug|Any CPU
		{A066EFF1-6034-414C-A44E-89EC06A9E0AB}.Release|Any CPU.ActiveCfg = Release|Any CPU
		{A066EFF1-6034-414C-A44E-89EC06A9E0AB}.Release|Any CPU.Build.0 = Release|Any CPU
	EndGlobalSection
	GlobalSection(SolutionProperties) = preSolution
		HideSolutionNode = FALSE
	EndGlobalSection
	GlobalSection(ExtensibilityGlobals) = postSolution
		SolutionGuid = {2B4BFEB0-B542-4E68-BE4E-C71C25ACB3BB}
	EndGlobalSection
EndGlobal
